
Microsoft Visual Studio Solution File, Format Version 12.00
# Visual Studio Version 16
VisualStudioVersion = 16.0.28527.54
MinimumVisualStudioVersion = 10.0.40219.1
Project("{9A19103F-16F7-4668-BE54-9A1E7A4F7556}") = "Maptz.MCodeCS.Engine", "Maptz.MCodeCS.Engine\Maptz.MCodeCS.Engine.csproj", "{37980067-FD97-452E-A4C1-EBA3F0BBB90A}"
EndProject
Project("{9A19103F-16F7-4668-BE54-9A1E7A4F7556}") = "Maptz.MCodeCS.Engine.Tests", "Maptz.MCodeCS.Engine.Tests\Maptz.MCodeCS.Engine.Tests.csproj", "{242F3E21-2BC6-4F07-852D-34E070A87C5A}"
EndProject
Project("{9A19103F-16F7-4668-BE54-9A1E7A4F7556}") = "Maptz.MCodeCS.Tool", "Maptz.MCodeCS.Tool\Maptz.MCodeCS.Tool.csproj", "{7610E876-C95E-460B-AE59-883BB154B750}"
EndProject
Project("{9A19103F-16F7-4668-BE54-9A1E7A4F7556}") = "Maptz.MCodeCS.Tool.Tests", "Maptz.MCodeCS.Tool.Tests\Maptz.MCodeCS.Tool.Tests.csproj", "{889516A9-3B72-42CA-B083-64305A06F16E}"
EndProject
Project("{2150E333-8FDC-42A3-9474-1A3956D46DE8}") = "External Libraries", "External Libraries", "{FF276B6E-7E9F-49E6-99D8-4285A18CD3EE}"
EndProject
Project("{9A19103F-16F7-4668-BE54-9A1E7A4F7556}") = "Maptz.Coding.Analysis.Base", "..\..\..\..\MaptzBitbucket\netcorelibs\maptz.coding.analysis.base\src\Maptz.Coding.Analysis.Base\Maptz.Coding.Analysis.Base.csproj", "{9F4C63DB-98F7-482C-A938-480D6D60FA87}"
EndProject
Project("{9A19103F-16F7-4668-BE54-9A1E7A4F7556}") = "Maptz.Coding.Analysis.CSharp.Base", "..\..\..\..\MaptzBitbucket\netcorelibs\maptz.coding.analysis.base\src\Maptz.Coding.Analysis.CSharp.Base\Maptz.Coding.Analysis.CSharp.Base.csproj", "{1E358C98-D57D-4B5F-9210-F1F8DAB8AF52}"
EndProject
Project("{9A19103F-16F7-4668-BE54-9A1E7A4F7556}") = "Maptz.Coding.Analysis.CSharp.Sorting", "..\..\..\..\MaptzBitbucket\netcorelibs\maptz.coding.analysis.base\src\Maptz.Coding.Analysis.CSharp.Sorting\Maptz.Coding.Analysis.CSharp.Sorting.csproj", "{B073FEEF-E483-455A-9F45-41E4AD2B9A7A}"
EndProject
Project("{9A19103F-16F7-4668-BE54-9A1E7A4F7556}") = "Maptz.Coding.Analysis.CSharp.Misc", "..\..\..\..\MaptzBitBucket\netcorelibs\maptz.coding.analysis.base\src\Maptz.Coding.Analysis.CSharp.Misc\Maptz.Coding.Analysis.CSharp.Misc.csproj", "{3AEE5126-F501-4E35-A845-A0249638987B}"
EndProject
Project("{9A19103F-16F7-4668-BE54-9A1E7A4F7556}") = "Maptz.Coding.Analysis.CSharp.TestCreator", "..\..\..\..\MaptzBitBucket\netcorelibs\maptz.coding.analysis.base\src\Maptz.Coding.Analysis.CSharp.TestCreator\Maptz.Coding.Analysis.CSharp.TestCreator.csproj", "{21760B12-EF95-44B2-9198-D54C86706F04}"
EndProject
Project("{9A19103F-16F7-4668-BE54-9A1E7A4F7556}") = "Maptz.Coding.Analysis.CSharp.Misc.Tests", "..\..\..\..\MaptzBitBucket\netcorelibs\maptz.coding.analysis.base\src\Maptz.Coding.Analysis.CSharp.Misc.Tests\Maptz.Coding.Analysis.CSharp.Misc.Tests.csproj", "{4BB4A388-E79B-465D-BEE5-9F27288397D3}"
EndProject
Project("{9A19103F-16F7-4668-BE54-9A1E7A4F7556}") = "Maptz.Coding.Analysis.CSharp.Sorting.Tests", "..\..\..\..\MaptzBitBucket\netcorelibs\maptz.coding.analysis.base\src\Maptz.Coding.Analysis.CSharp.Sorting.Tests\Maptz.Coding.Analysis.CSharp.Sorting.Tests.csproj", "{B1CD795F-63F2-4466-AED2-675684BCEF7F}"
EndProject
Project("{9A19103F-16F7-4668-BE54-9A1E7A4F7556}") = "Maptz.Coding.Analysis.CSharp.TestCreator.Tests", "..\..\..\..\MaptzBitBucket\netcorelibs\maptz.coding.analysis.base\src\Maptz.Coding.Analysis.CSharp.TestCreator.Tests\Maptz.Coding.Analysis.CSharp.TestCreator.Tests.csproj", "{F5A9D310-EE99-4BB5-9437-3696DEC6EBDD}"
EndProject
Global
	GlobalSection(SolutionConfigurationPlatforms) = preSolution
		Debug|Any CPU = Debug|Any CPU
		Release|Any CPU = Release|Any CPU
	EndGlobalSection
	GlobalSection(ProjectConfigurationPlatforms) = postSolution
		{37980067-FD97-452E-A4C1-EBA3F0BBB90A}.Debug|Any CPU.ActiveCfg = Debug|Any CPU
		{37980067-FD97-452E-A4C1-EBA3F0BBB90A}.Debug|Any CPU.Build.0 = Debug|Any CPU
		{37980067-FD97-452E-A4C1-EBA3F0BBB90A}.Release|Any CPU.ActiveCfg = Release|Any CPU
		{37980067-FD97-452E-A4C1-EBA3F0BBB90A}.Release|Any CPU.Build.0 = Release|Any CPU
		{242F3E21-2BC6-4F07-852D-34E070A87C5A}.Debug|Any CPU.ActiveCfg = Debug|Any CPU
		{242F3E21-2BC6-4F07-852D-34E070A87C5A}.Debug|Any CPU.Build.0 = Debug|Any CPU
		{242F3E21-2BC6-4F07-852D-34E070A87C5A}.Release|Any CPU.ActiveCfg = Release|Any CPU
		{242F3E21-2BC6-4F07-852D-34E070A87C5A}.Release|Any CPU.Build.0 = Release|Any CPU
		{7610E876-C95E-460B-AE59-883BB154B750}.Debug|Any CPU.ActiveCfg = Debug|Any CPU
		{7610E876-C95E-460B-AE59-883BB154B750}.Debug|Any CPU.Build.0 = Debug|Any CPU
		{7610E876-C95E-460B-AE59-883BB154B750}.Release|Any CPU.ActiveCfg = Release|Any CPU
		{7610E876-C95E-460B-AE59-883BB154B750}.Release|Any CPU.Build.0 = Release|Any CPU
		{889516A9-3B72-42CA-B083-64305A06F16E}.Debug|Any CPU.ActiveCfg = Debug|Any CPU
		{889516A9-3B72-42CA-B083-64305A06F16E}.Debug|Any CPU.Build.0 = Debug|Any CPU
		{889516A9-3B72-42CA-B083-64305A06F16E}.Release|Any CPU.ActiveCfg = Release|Any CPU
		{889516A9-3B72-42CA-B083-64305A06F16E}.Release|Any CPU.Build.0 = Release|Any CPU
		{9F4C63DB-98F7-482C-A938-480D6D60FA87}.Debug|Any CPU.ActiveCfg = Debug|Any CPU
		{9F4C63DB-98F7-482C-A938-480D6D60FA87}.Debug|Any CPU.Build.0 = Debug|Any CPU
		{9F4C63DB-98F7-482C-A938-480D6D60FA87}.Release|Any CPU.ActiveCfg = Release|Any CPU
		{9F4C63DB-98F7-482C-A938-480D6D60FA87}.Release|Any CPU.Build.0 = Release|Any CPU
		{1E358C98-D57D-4B5F-9210-F1F8DAB8AF52}.Debug|Any CPU.ActiveCfg = Debug|Any CPU
		{1E358C98-D57D-4B5F-9210-F1F8DAB8AF52}.Debug|Any CPU.Build.0 = Debug|Any CPU
		{1E358C98-D57D-4B5F-9210-F1F8DAB8AF52}.Release|Any CPU.ActiveCfg = Release|Any CPU
		{1E358C98-D57D-4B5F-9210-F1F8DAB8AF52}.Release|Any CPU.Build.0 = Release|Any CPU
		{B073FEEF-E483-455A-9F45-41E4AD2B9A7A}.Debug|Any CPU.ActiveCfg = Debug|Any CPU
		{B073FEEF-E483-455A-9F45-41E4AD2B9A7A}.Debug|Any CPU.Build.0 = Debug|Any CPU
		{B073FEEF-E483-455A-9F45-41E4AD2B9A7A}.Release|Any CPU.ActiveCfg = Release|Any CPU
		{B073FEEF-E483-455A-9F45-41E4AD2B9A7A}.Release|Any CPU.Build.0 = Release|Any CPU
		{3AEE5126-F501-4E35-A845-A0249638987B}.Debug|Any CPU.ActiveCfg = Debug|Any CPU
		{3AEE5126-F501-4E35-A845-A0249638987B}.Debug|Any CPU.Build.0 = Debug|Any CPU
		{3AEE5126-F501-4E35-A845-A0249638987B}.Release|Any CPU.ActiveCfg = Release|Any CPU
		{3AEE5126-F501-4E35-A845-A0249638987B}.Release|Any CPU.Build.0 = Release|Any CPU
		{21760B12-EF95-44B2-9198-D54C86706F04}.Debug|Any CPU.ActiveCfg = Debug|Any CPU
		{21760B12-EF95-44B2-9198-D54C86706F04}.Debug|Any CPU.Build.0 = Debug|Any CPU
		{21760B12-EF95-44B2-9198-D54C86706F04}.Release|Any CPU.ActiveCfg = Release|Any CPU
		{21760B12-EF95-44B2-9198-D54C86706F04}.Release|Any CPU.Build.0 = Release|Any CPU
		{4BB4A388-E79B-465D-BEE5-9F27288397D3}.Debug|Any CPU.ActiveCfg = Debug|Any CPU
		{4BB4A388-E79B-465D-BEE5-9F27288397D3}.Debug|Any CPU.Build.0 = Debug|Any CPU
		{4BB4A388-E79B-465D-BEE5-9F27288397D3}.Release|Any CPU.ActiveCfg = Release|Any CPU
		{4BB4A388-E79B-465D-BEE5-9F27288397D3}.Release|Any CPU.Build.0 = Release|Any CPU
		{B1CD795F-63F2-4466-AED2-675684BCEF7F}.Debug|Any CPU.ActiveCfg = Debug|Any CPU
		{B1CD795F-63F2-4466-AED2-675684BCEF7F}.Debug|Any CPU.Build.0 = Debug|Any CPU
		{B1CD795F-63F2-4466-AED2-675684BCEF7F}.Release|Any CPU.ActiveCfg = Release|Any CPU
		{B1CD795F-63F2-4466-AED2-675684BCEF7F}.Release|Any CPU.Build.0 = Release|Any CPU
		{F5A9D310-EE99-4BB5-9437-3696DEC6EBDD}.Debug|Any CPU.ActiveCfg = Debug|Any CPU
		{F5A9D310-EE99-4BB5-9437-3696DEC6EBDD}.Debug|Any CPU.Build.0 = Debug|Any CPU
		{F5A9D310-EE99-4BB5-9437-3696DEC6EBDD}.Release|Any CPU.ActiveCfg = Release|Any CPU
		{F5A9D310-EE99-4BB5-9437-3696DEC6EBDD}.Release|Any CPU.Build.0 = Release|Any CPU
	EndGlobalSection
	GlobalSection(SolutionProperties) = preSolution
		HideSolutionNode = FALSE
	EndGlobalSection
	GlobalSection(NestedProjects) = preSolution
		{9F4C63DB-98F7-482C-A938-480D6D60FA87} = {FF276B6E-7E9F-49E6-99D8-4285A18CD3EE}
		{1E358C98-D57D-4B5F-9210-F1F8DAB8AF52} = {FF276B6E-7E9F-49E6-99D8-4285A18CD3EE}
		{B073FEEF-E483-455A-9F45-41E4AD2B9A7A} = {FF276B6E-7E9F-49E6-99D8-4285A18CD3EE}
		{3AEE5126-F501-4E35-A845-A0249638987B} = {FF276B6E-7E9F-49E6-99D8-4285A18CD3EE}
		{21760B12-EF95-44B2-9198-D54C86706F04} = {FF276B6E-7E9F-49E6-99D8-4285A18CD3EE}
		{4BB4A388-E79B-465D-BEE5-9F27288397D3} = {FF276B6E-7E9F-49E6-99D8-4285A18CD3EE}
		{B1CD795F-63F2-4466-AED2-675684BCEF7F} = {FF276B6E-7E9F-49E6-99D8-4285A18CD3EE}
		{F5A9D310-EE99-4BB5-9437-3696DEC6EBDD} = {FF276B6E-7E9F-49E6-99D8-4285A18CD3EE}
	EndGlobalSection
	GlobalSection(ExtensibilityGlobals) = postSolution
		SolutionGuid = {B357E15F-EB10-44F0-8399-DE87AA573B5D}
	EndGlobalSection
EndGlobal
